// !$*UTF8*$!
{
	archiveVersion = 1;
	classes = {
	};
	objectVersion = 77;
	objects = {

/* Begin PBXBuildFile section */
		0198EA9C6836FDC3F65F6767 /* DIDWallet.swift in Sources */ = {isa = PBXBuildFile; fileRef = F5600417288BAD034AAC350F /* DIDWallet.swift */; };
		068BF8009EB37F7CA78A7BDF /* LocalOCR.swift in Sources */ = {isa = PBXBuildFile; fileRef = BC87B71F0505A1931D9A8413 /* LocalOCR.swift */; };
		0855F5C4F059D04DBB090ACF /* DocumentStore.swift in Sources */ = {isa = PBXBuildFile; fileRef = F04BF4200C2337B15544CBDC /* DocumentStore.swift */; };
		0E8F89A320814FF876737EA5 /* HealthcareProxyView.swift in Sources */ = {isa = PBXBuildFile; fileRef = 6B63A65DD37B63F386B3E237 /* HealthcareProxyView.swift */; };
		1101F6D336BDB79477B20AE6 /* NoBordersHealthcareApp.swift in Sources */ = {isa = PBXBuildFile; fileRef = B28DC75D6C62A8C97875943A /* NoBordersHealthcareApp.swift */; };
		11450AFA62CF73FA482F3998 /* VaultManager.swift in Sources */ = {isa = PBXBuildFile; fileRef = D343F73610356376EFA4EC1B /* VaultManager.swift */; };
		1629F9F5071A91E802799FF6 /* Models.swift in Sources */ = {isa = PBXBuildFile; fileRef = 6D72112E9BDE6DDF792806A3 /* Models.swift */; };
		1FFCDF1F5DA6AB0AABB75243 /* BankIDClient.swift in Sources */ = {isa = PBXBuildFile; fileRef = 34EDABFB131AEE01B59471B5 /* BankIDClient.swift */; };
		352A43D020ECB5514AE1CC06 /* NetworkCountryDetector.swift in Sources */ = {isa = PBXBuildFile; fileRef = ABF81B9891F8F397559AD01C /* NetworkCountryDetector.swift */; };
		3F07C943F14296AB63C8D56D /* IdentityView.swift in Sources */ = {isa = PBXBuildFile; fileRef = 8FEEB178A3E3D6EAA57C8A7B /* IdentityView.swift */; };
		457BF13DF25ED5021E42AFB8 /* ShamirShard.swift in Sources */ = {isa = PBXBuildFile; fileRef = AFBD308E0C72E134F31C8FF7 /* ShamirShard.swift */; };
		4626547144388318B2B1BFF4 /* DocumentScanner.swift in Sources */ = {isa = PBXBuildFile; fileRef = 3A3A7266960B2164688FAF72 /* DocumentScanner.swift */; };
		496E93D9B6227F2A61995855 /* OnboardingCoordinator.swift in Sources */ = {isa = PBXBuildFile; fileRef = 1237E8685774F975A3477230 /* OnboardingCoordinator.swift */; };
		4C75DEE1002D08A25449F758 /* CallView.swift in Sources */ = {isa = PBXBuildFile; fileRef = EC86BB66FE5565C9184E8490 /* CallView.swift */; };
		4D05CFADA3E8340BEFD35B7D /* KeyManager.swift in Sources */ = {isa = PBXBuildFile; fileRef = 622F23DBC018E3F6C9948C28 /* KeyManager.swift */; };
		57B85DE5DCD54B13D52FA2A7 /* EmergencyCardService.swift in Sources */ = {isa = PBXBuildFile; fileRef = CE8860F2599C03591CA9F0E5 /* EmergencyCardService.swift */; };
		59FFA3135CFEA135659EB4CE /* ReferralView.swift in Sources */ = {isa = PBXBuildFile; fileRef = 289A784D4C10DF2493288540 /* ReferralView.swift */; };
		5C0D92D6AAE1EAA701F82DEA /* ScopeManager.swift in Sources */ = {isa = PBXBuildFile; fileRef = 87B3A142FC41A9153C4D790D /* ScopeManager.swift */; };
		5C9BFB17DC856C06EF3B3C24 /* EmergencyCard.swift in Sources */ = {isa = PBXBuildFile; fileRef = FB0FCD2502D7B4641540F248 /* EmergencyCard.swift */; };
		5ED81C638074896A10085FF6 /* KyberOperations.swift in Sources */ = {isa = PBXBuildFile; fileRef = 2A6411BE2A63765FA00C6091 /* KyberOperations.swift */; };
		64DE2C7E17763878BAFADAF7 /* LegalVaultManager.swift in Sources */ = {isa = PBXBuildFile; fileRef = 6C6AFBE53A03B011AEEA625F /* LegalVaultManager.swift */; };
		686D687794AACE33BB0C89E3 /* ActivationCoordinator.swift in Sources */ = {isa = PBXBuildFile; fileRef = C423092F7D2FF1B6FBCB3408 /* ActivationCoordinator.swift */; };
		7ABF0FD4A459598E1EFDA613 /* ContentView.swift in Sources */ = {isa = PBXBuildFile; fileRef = FEDC1416C64BDAF416257DAA /* ContentView.swift */; };
		7C4158CCE50DEBDF16467D2C /* WelcomeView.swift in Sources */ = {isa = PBXBuildFile; fileRef = F465B171728A2EE0DA91643D /* WelcomeView.swift */; };
		7CF842F91CAFB2E121E7DA2B /* EmergencyContactView.swift in Sources */ = {isa = PBXBuildFile; fileRef = E538FB8FDD8D5D8FB4F3D6F2 /* EmergencyContactView.swift */; };
		80599D679EF2FA7C741206BA /* QRGenerator.swift in Sources */ = {isa = PBXBuildFile; fileRef = 56A573DBC9BE53097E791F51 /* QRGenerator.swift */; };
		8B6FD6C8B3BA661D1129FB19 /* AppConfig.swift in Sources */ = {isa = PBXBuildFile; fileRef = 4E34F6E56E9AD2F6239DFFDC /* AppConfig.swift */; };
		8D51A94B1494C4035FCAB993 /* FHIRMapper.swift in Sources */ = {isa = PBXBuildFile; fileRef = 0F991FA63CD9663FF83D6055 /* FHIRMapper.swift */; };
		9BD2225F1C282A68C940859E /* SupportProfile.swift in Sources */ = {isa = PBXBuildFile; fileRef = DBEEA8EC8166D9607512E78D /* SupportProfile.swift */; };
		A1A273BEC65112CD3F80C289 /* SecureEnclaveKey.swift in Sources */ = {isa = PBXBuildFile; fileRef = 825AE7AA0FC88A72D8058F28 /* SecureEnclaveKey.swift */; };
		A1A6525BF19CD02CB185B64B /* SHA3.swift in Sources */ = {isa = PBXBuildFile; fileRef = 27E587E7BD8B1CA8FBC2C3B4 /* SHA3.swift */; };
		A27716086B07DCD6634C1EA7 /* SentencePieceShim.swift in Sources */ = {isa = PBXBuildFile; fileRef = B7D55527378C1D8F0F7697F1 /* SentencePieceShim.swift */; };
		A3E18FEB484637A66DBFBFCC /* RegistrationView.swift in Sources */ = {isa = PBXBuildFile; fileRef = A0D9AA63CD6C7F439DBCBB29 /* RegistrationView.swift */; };
		A5A1492E8D4FE212ABCB1854 /* Assets.xcassets in Resources */ = {isa = PBXBuildFile; fileRef = DFED60BDDE94483E29635A6B /* Assets.xcassets */; };
		A7AAB394F54896C7DF219E8F /* IPFSClient.swift in Sources */ = {isa = PBXBuildFile; fileRef = 2C12AA53CF41B4033407B0CF /* IPFSClient.swift */; };
		AAA646494ADD4B7944427742 /* SignatureButton.swift in Sources */ = {isa = PBXBuildFile; fileRef = ACDC1623F564ECBC26952904 /* SignatureButton.swift */; };
		AACDB6AB27E46D2BB119FA7A /* BiometricLockView.swift in Sources */ = {isa = PBXBuildFile; fileRef = 3E241D7E7155434C8739A07C /* BiometricLockView.swift */; };
		F1A2B3C4D5E6F7A8B9C0D1E2 /* VerifiedIdentity.swift in Sources */ = {isa = PBXBuildFile; fileRef = A2B3C4D5E6F7A8B9C0D1E2F3 /* VerifiedIdentity.swift */; };
		G2B3C4D5E6F7A8B9C0D1E2F4 /* LinkedIdentitiesView.swift in Sources */ = {isa = PBXBuildFile; fileRef = H3C4D5E6F7A8B9C0D1E2F3A4 /* LinkedIdentitiesView.swift */; };
		S1A2B3C4D5E6F7A8B9C0D1E2 /* DiiaService.swift in Sources */ = {isa = PBXBuildFile; fileRef = U3C4D5E6F7A8B9C0D1E2F3A4 /* DiiaService.swift */; };
		T2B3C4D5E6F7A8B9C0D1E2F3 /* DiiaIdentityPayload.swift in Sources */ = {isa = PBXBuildFile; fileRef = V4D5E6F7A8B9C0D1E2F3A4B5 /* DiiaIdentityPayload.swift */; };
		AC3E95063D04489544EF0950 /* AttestationService.swift in Sources */ = {isa = PBXBuildFile; fileRef = E6A46B21098DBE228CFA150F /* AttestationService.swift */; };
		B20CC79630E1146DC16CB32F /* AnalyticsConsent.swift in Sources */ = {isa = PBXBuildFile; fileRef = 2FD8E2AFE8F18C6266FB65F3 /* AnalyticsConsent.swift */; };
		B390123F7EE92BDCC4CC8207 /* PDFImporter.swift in Sources */ = {isa = PBXBuildFile; fileRef = 8EBBA61D16BCCCC4ACCBD1BB /* PDFImporter.swift */; };
		B689C155F5A8767AFEC9AF7C /* BiometricAuth.swift in Sources */ = {isa = PBXBuildFile; fileRef = F6194C26F3263738B3825DA8 /* BiometricAuth.swift */; };
		BD2B681B3637A1CAF31638FF /* TerminologyMapper.swift in Sources */ = {isa = PBXBuildFile; fileRef = D6F4278CFA5B5C38B59F1284 /* TerminologyMapper.swift */; };
		BDF280B0D0853287D93CDEDB /* DataAuthorizationView.swift in Sources */ = {isa = PBXBuildFile; fileRef = 4BEDC111584B241ACA578D40 /* DataAuthorizationView.swift */; };
		C30AAA516AEFF4ECF2373ED6 /* HealthRecord.swift in Sources */ = {isa = PBXBuildFile; fileRef = F4E0446F6A4A18B61E2099AC /* HealthRecord.swift */; };
		C689E012885AE8C7337D6026 /* SecurityProfile.swift in Sources */ = {isa = PBXBuildFile; fileRef = 6D76B5A888359F58F87A4A8B /* SecurityProfile.swift */; };
		C7B37D70CE398B88FA08F0A0 /* DocumentTranslator.swift in Sources */ = {isa = PBXBuildFile; fileRef = 9064723EC2A03C2D38FB0D01 /* DocumentTranslator.swift */; };
		D39616AD2E1E0DEE89282431 /* UserProfile.swift in Sources */ = {isa = PBXBuildFile; fileRef = 62524B8496BE6AD1B7264711 /* UserProfile.swift */; };
		D572561818CF08235DB531EB /* UserAgreementView.swift in Sources */ = {isa = PBXBuildFile; fileRef = 39CB4396676A9C48242F3099 /* UserAgreementView.swift */; };
		D8BAB2007F0BA10830151A96 /* QRGeneratorView.swift in Sources */ = {isa = PBXBuildFile; fileRef = B15B0D42A99D7F83F5FCC12E /* QRGeneratorView.swift */; };
		E1E651ABBD800234624285A8 /* IPS.swift in Sources */ = {isa = PBXBuildFile; fileRef = 155E0940A4102DEE59FDF511 /* IPS.swift */; };
		E94E30F03EBACE766A13938B /* EmergencyCardSetupView.swift in Sources */ = {isa = PBXBuildFile; fileRef = F725F9D6E215879892D4F091 /* EmergencyCardSetupView.swift */; };
		EA9257C5986D3EB4CA43A7E1 /* xLMEngine.swift in Sources */ = {isa = PBXBuildFile; fileRef = 25CD1B7A0309E6785A54A966 /* xLMEngine.swift */; };
		EBA7E953E5DE5ED4FDCD735B /* SIPClient.swift in Sources */ = {isa = PBXBuildFile; fileRef = C334EF4A6B52B7C1BECEB8F8 /* SIPClient.swift */; };
		EBF891294C8E72C49B650B0D /* DocumentView.swift in Sources */ = {isa = PBXBuildFile; fileRef = C49CA8B193143B17EBD08578 /* DocumentView.swift */; };
		F32D7CBE4E572ED7AF843FC9 /* ConsentAuditService.swift in Sources */ = {isa = PBXBuildFile; fileRef = 865B61AB0B20C6D232EDC7D8 /* ConsentAuditService.swift */; };
		FA76155EF64068229D00CA46 /* ConsentView.swift in Sources */ = {isa = PBXBuildFile; fileRef = CA091911DC16BA81A2BDDB90 /* ConsentView.swift */; };
/* End PBXBuildFile section */

/* Begin PBXFileReference section */
		0F991FA63CD9663FF83D6055 /* FHIRMapper.swift */ = {isa = PBXFileReference; lastKnownFileType = sourcecode.swift; path = FHIRMapper.swift; sourceTree = "<group>"; };
		1237E8685774F975A3477230 /* OnboardingCoordinator.swift */ = {isa = PBXFileReference; lastKnownFileType = sourcecode.swift; path = OnboardingCoordinator.swift; sourceTree = "<group>"; };
		155E0940A4102DEE59FDF511 /* IPS.swift */ = {isa = PBXFileReference; lastKnownFileType = sourcecode.swift; path = IPS.swift; sourceTree = "<group>"; };
		1E5DE46C3D34CF36D4FEAA05 /* Info.plist */ = {isa = PBXFileReference; lastKnownFileType = text.plist; path = Info.plist; sourceTree = "<group>"; };
		25CD1B7A0309E6785A54A966 /* xLMEngine.swift */ = {isa = PBXFileReference; lastKnownFileType = sourcecode.swift; path = xLMEngine.swift; sourceTree = "<group>"; };
		27E587E7BD8B1CA8FBC2C3B4 /* SHA3.swift */ = {isa = PBXFileReference; lastKnownFileType = sourcecode.swift; path = SHA3.swift; sourceTree = "<group>"; };
		289A784D4C10DF2493288540 /* ReferralView.swift */ = {isa = PBXFileReference; lastKnownFileType = sourcecode.swift; path = ReferralView.swift; sourceTree = "<group>"; };
		2A6411BE2A63765FA00C6091 /* KyberOperations.swift */ = {isa = PBXFileReference; lastKnownFileType = sourcecode.swift; path = KyberOperations.swift; sourceTree = "<group>"; };
		2C12AA53CF41B4033407B0CF /* IPFSClient.swift */ = {isa = PBXFileReference; lastKnownFileType = sourcecode.swift; path = IPFSClient.swift; sourceTree = "<group>"; };
		2FD8E2AFE8F18C6266FB65F3 /* AnalyticsConsent.swift */ = {isa = PBXFileReference; lastKnownFileType = sourcecode.swift; path = AnalyticsConsent.swift; sourceTree = "<group>"; };
		30E64324D0111DDADE7820A1 /* nobordershealthcare.app */ = {isa = PBXFileReference; includeInIndex = 0; lastKnownFileType = wrapper.application; path = nobordershealthcare.app; sourceTree = BUILT_PRODUCTS_DIR; };
		34EDABFB131AEE01B59471B5 /* BankIDClient.swift */ = {isa = PBXFileReference; lastKnownFileType = sourcecode.swift; path = BankIDClient.swift; sourceTree = "<group>"; };
		39CB4396676A9C48242F3099 /* UserAgreementView.swift */ = {isa = PBXFileReference; lastKnownFileType = sourcecode.swift; path = UserAgreementView.swift; sourceTree = "<group>"; };
		3A3A7266960B2164688FAF72 /* DocumentScanner.swift */ = {isa = PBXFileReference; lastKnownFileType = sourcecode.swift; path = DocumentScanner.swift; sourceTree = "<group>"; };
		3E241D7E7155434C8739A07C /* BiometricLockView.swift */ = {isa = PBXFileReference; lastKnownFileType = sourcecode.swift; path = BiometricLockView.swift; sourceTree = "<group>"; };
		A2B3C4D5E6F7A8B9C0D1E2F3 /* VerifiedIdentity.swift */ = {isa = PBXFileReference; lastKnownFileType = sourcecode.swift; path = VerifiedIdentity.swift; sourceTree = "<group>"; };
		H3C4D5E6F7A8B9C0D1E2F3A4 /* LinkedIdentitiesView.swift */ = {isa = PBXFileReference; lastKnownFileType = sourcecode.swift; path = LinkedIdentitiesView.swift; sourceTree = "<group>"; };
		U3C4D5E6F7A8B9C0D1E2F3A4 /* DiiaService.swift */ = {isa = PBXFileReference; lastKnownFileType = sourcecode.swift; path = DiiaService.swift; sourceTree = "<group>"; };
		V4D5E6F7A8B9C0D1E2F3A4B5 /* DiiaIdentityPayload.swift */ = {isa = PBXFileReference; lastKnownFileType = sourcecode.swift; path = DiiaIdentityPayload.swift; sourceTree = "<group>"; };
		4BEDC111584B241ACA578D40 /* DataAuthorizationView.swift */ = {isa = PBXFileReference; lastKnownFileType = sourcecode.swift; path = DataAuthorizationView.swift; sourceTree = "<group>"; };
		4E34F6E56E9AD2F6239DFFDC /* AppConfig.swift */ = {isa = PBXFileReference; lastKnownFileType = sourcecode.swift; path = AppConfig.swift; sourceTree = "<group>"; };
		4F033DF80A6D0D1E163F229A /* nobordershealthcare.entitlements */ = {isa = PBXFileReference; lastKnownFileType = text.plist.entitlements; path = nobordershealthcare.entitlements; sourceTree = "<group>"; };
		56A573DBC9BE53097E791F51 /* QRGenerator.swift */ = {isa = PBXFileReference; lastKnownFileType = sourcecode.swift; path = QRGenerator.swift; sourceTree = "<group>"; };
		622F23DBC018E3F6C9948C28 /* KeyManager.swift */ = {isa = PBXFileReference; lastKnownFileType = sourcecode.swift; path = KeyManager.swift; sourceTree = "<group>"; };
		62524B8496BE6AD1B7264711 /* UserProfile.swift */ = {isa = PBXFileReference; lastKnownFileType = sourcecode.swift; path = UserProfile.swift; sourceTree = "<group>"; };
		6B63A65DD37B63F386B3E237 /* HealthcareProxyView.swift */ = {isa = PBXFileReference; lastKnownFileType = sourcecode.swift; path = HealthcareProxyView.swift; sourceTree = "<group>"; };
		6C6AFBE53A03B011AEEA625F /* LegalVaultManager.swift */ = {isa = PBXFileReference; lastKnownFileType = sourcecode.swift; path = LegalVaultManager.swift; sourceTree = "<group>"; };
		6D72112E9BDE6DDF792806A3 /* Models.swift */ = {isa = PBXFileReference; lastKnownFileType = sourcecode.swift; path = Models.swift; sourceTree = "<group>"; };
		6D76B5A888359F58F87A4A8B /* SecurityProfile.swift */ = {isa = PBXFileReference; lastKnownFileType = sourcecode.swift; path = SecurityProfile.swift; sourceTree = "<group>"; };
		825AE7AA0FC88A72D8058F28 /* SecureEnclaveKey.swift */ = {isa = PBXFileReference; lastKnownFileType = sourcecode.swift; path = SecureEnclaveKey.swift; sourceTree = "<group>"; };
		865B61AB0B20C6D232EDC7D8 /* ConsentAuditService.swift */ = {isa = PBXFileReference; lastKnownFileType = sourcecode.swift; path = ConsentAuditService.swift; sourceTree = "<group>"; };
		87B3A142FC41A9153C4D790D /* ScopeManager.swift */ = {isa = PBXFileReference; lastKnownFileType = sourcecode.swift; path = ScopeManager.swift; sourceTree = "<group>"; };
		8EBBA61D16BCCCC4ACCBD1BB /* PDFImporter.swift */ = {isa = PBXFileReference; lastKnownFileType = sourcecode.swift; path = PDFImporter.swift; sourceTree = "<group>"; };
		8FEEB178A3E3D6EAA57C8A7B /* IdentityView.swift */ = {isa = PBXFileReference; lastKnownFileType = sourcecode.swift; path = IdentityView.swift; sourceTree = "<group>"; };
		9064723EC2A03C2D38FB0D01 /* DocumentTranslator.swift */ = {isa = PBXFileReference; lastKnownFileType = sourcecode.swift; path = DocumentTranslator.swift; sourceTree = "<group>"; };
		A0D9AA63CD6C7F439DBCBB29 /* RegistrationView.swift */ = {isa = PBXFileReference; lastKnownFileType = sourcecode.swift; path = RegistrationView.swift; sourceTree = "<group>"; };
		ABF81B9891F8F397559AD01C /* NetworkCountryDetector.swift */ = {isa = PBXFileReference; lastKnownFileType = sourcecode.swift; path = NetworkCountryDetector.swift; sourceTree = "<group>"; };
		ACDC1623F564ECBC26952904 /* SignatureButton.swift */ = {isa = PBXFileReference; lastKnownFileType = sourcecode.swift; path = SignatureButton.swift; sourceTree = "<group>"; };
		AFBD308E0C72E134F31C8FF7 /* ShamirShard.swift */ = {isa = PBXFileReference; lastKnownFileType = sourcecode.swift; path = ShamirShard.swift; sourceTree = "<group>"; };
		B15B0D42A99D7F83F5FCC12E /* QRGeneratorView.swift */ = {isa = PBXFileReference; lastKnownFileType = sourcecode.swift; path = QRGeneratorView.swift; sourceTree = "<group>"; };
		B28DC75D6C62A8C97875943A /* NoBordersHealthcareApp.swift */ = {isa = PBXFileReference; lastKnownFileType = sourcecode.swift; path = NoBordersHealthcareApp.swift; sourceTree = "<group>"; };
		B7D55527378C1D8F0F7697F1 /* SentencePieceShim.swift */ = {isa = PBXFileReference; lastKnownFileType = sourcecode.swift; path = SentencePieceShim.swift; sourceTree = "<group>"; };
		BC87B71F0505A1931D9A8413 /* LocalOCR.swift */ = {isa = PBXFileReference; lastKnownFileType = sourcecode.swift; path = LocalOCR.swift; sourceTree = "<group>"; };
		C334EF4A6B52B7C1BECEB8F8 /* SIPClient.swift */ = {isa = PBXFileReference; lastKnownFileType = sourcecode.swift; path = SIPClient.swift; sourceTree = "<group>"; };
		C423092F7D2FF1B6FBCB3408 /* ActivationCoordinator.swift */ = {isa = PBXFileReference; lastKnownFileType = sourcecode.swift; path = ActivationCoordinator.swift; sourceTree = "<group>"; };
		C49CA8B193143B17EBD08578 /* DocumentView.swift */ = {isa = PBXFileReference; lastKnownFileType = sourcecode.swift; path = DocumentView.swift; sourceTree = "<group>"; };
		CA091911DC16BA81A2BDDB90 /* ConsentView.swift */ = {isa = PBXFileReference; lastKnownFileType = sourcecode.swift; path = ConsentView.swift; sourceTree = "<group>"; };
		CE8860F2599C03591CA9F0E5 /* EmergencyCardService.swift */ = {isa = PBXFileReference; lastKnownFileType = sourcecode.swift; path = EmergencyCardService.swift; sourceTree = "<group>"; };
		D343F73610356376EFA4EC1B /* VaultManager.swift */ = {isa = PBXFileReference; lastKnownFileType = sourcecode.swift; path = VaultManager.swift; sourceTree = "<group>"; };
		D6F4278CFA5B5C38B59F1284 /* TerminologyMapper.swift */ = {isa = PBXFileReference; lastKnownFileType = sourcecode.swift; path = TerminologyMapper.swift; sourceTree = "<group>"; };
		DBEEA8EC8166D9607512E78D /* SupportProfile.swift */ = {isa = PBXFileReference; lastKnownFileType = sourcecode.swift; path = SupportProfile.swift; sourceTree = "<group>"; };
		DFED60BDDE94483E29635A6B /* Assets.xcassets */ = {isa = PBXFileReference; lastKnownFileType = folder.assetcatalog; path = Assets.xcassets; sourceTree = "<group>"; };
		E538FB8FDD8D5D8FB4F3D6F2 /* EmergencyContactView.swift */ = {isa = PBXFileReference; lastKnownFileType = sourcecode.swift; path = EmergencyContactView.swift; sourceTree = "<group>"; };
		E6A46B21098DBE228CFA150F /* AttestationService.swift */ = {isa = PBXFileReference; lastKnownFileType = sourcecode.swift; path = AttestationService.swift; sourceTree = "<group>"; };
		EC86BB66FE5565C9184E8490 /* CallView.swift */ = {isa = PBXFileReference; lastKnownFileType = sourcecode.swift; path = CallView.swift; sourceTree = "<group>"; };
		F04BF4200C2337B15544CBDC /* DocumentStore.swift */ = {isa = PBXFileReference; lastKnownFileType = sourcecode.swift; path = DocumentStore.swift; sourceTree = "<group>"; };
		F465B171728A2EE0DA91643D /* WelcomeView.swift */ = {isa = PBXFileReference; lastKnownFileType = sourcecode.swift; path = WelcomeView.swift; sourceTree = "<group>"; };
		F4E0446F6A4A18B61E2099AC /* HealthRecord.swift */ = {isa = PBXFileReference; lastKnownFileType = sourcecode.swift; path = HealthRecord.swift; sourceTree = "<group>"; };
		F5600417288BAD034AAC350F /* DIDWallet.swift */ = {isa = PBXFileReference; lastKnownFileType = sourcecode.swift; path = DIDWallet.swift; sourceTree = "<group>"; };
		F6194C26F3263738B3825DA8 /* BiometricAuth.swift */ = {isa = PBXFileReference; lastKnownFileType = sourcecode.swift; path = BiometricAuth.swift; sourceTree = "<group>"; };
		F725F9D6E215879892D4F091 /* EmergencyCardSetupView.swift */ = {isa = PBXFileReference; lastKnownFileType = sourcecode.swift; path = EmergencyCardSetupView.swift; sourceTree = "<group>"; };
		FB0FCD2502D7B4641540F248 /* EmergencyCard.swift */ = {isa = PBXFileReference; lastKnownFileType = sourcecode.swift; path = EmergencyCard.swift; sourceTree = "<group>"; };
		FEDC1416C64BDAF416257DAA /* ContentView.swift */ = {isa = PBXFileReference; lastKnownFileType = sourcecode.swift; path = ContentView.swift; sourceTree = "<group>"; };
/* End PBXFileReference section */

/* Begin PBXGroup section */
		0121EE51E13649C0750715AB /* Translation */ = {
			isa = PBXGroup;
			children = (
				D6F4278CFA5B5C38B59F1284 /* TerminologyMapper.swift */,
				25CD1B7A0309E6785A54A966 /* xLMEngine.swift */,
			);
			path = Translation;
			sourceTree = "<group>";
		};
		02B2F7E18E8A7E8FFB198EBA /* Backup */ = {
			isa = PBXGroup;
			children = (
				2C12AA53CF41B4033407B0CF /* IPFSClient.swift */,
				AFBD308E0C72E134F31C8FF7 /* ShamirShard.swift */,
			);
			path = Backup;
			sourceTree = "<group>";
		};
		05C3827C5EA2350C9EDAF26D /* EmergencyCard */ = {
			isa = PBXGroup;
			children = (
				CE8860F2599C03591CA9F0E5 /* EmergencyCardService.swift */,
				B15B0D42A99D7F83F5FCC12E /* QRGeneratorView.swift */,
			);
			path = EmergencyCard;
			sourceTree = "<group>";
		};
		2598CCB9A4A56A0A823C7606 /* Shims */ = {
			isa = PBXGroup;
			children = (
				B7D55527378C1D8F0F7697F1 /* SentencePieceShim.swift */,
			);
			path = Shims;
			sourceTree = "<group>";
		};
		371E7BC818D058D49B5C3531 /* Core */ = {
			isa = PBXGroup;
			children = (
				4E34F6E56E9AD2F6239DFFDC /* AppConfig.swift */,
				E6A46B21098DBE228CFA150F /* AttestationService.swift */,
				F6194C26F3263738B3825DA8 /* BiometricAuth.swift */,
				3E241D7E7155434C8739A07C /* BiometricLockView.swift */,
				825AE7AA0FC88A72D8058F28 /* SecureEnclaveKey.swift */,
				6D76B5A888359F58F87A4A8B /* SecurityProfile.swift */,
				D343F73610356376EFA4EC1B /* VaultManager.swift */,
			);
			path = Core;
			sourceTree = "<group>";
		};
		W5E6F7A8B9C0D1E2F3A4B5C6 /* Services */ = {
			isa = PBXGroup;
			children = (
				U3C4D5E6F7A8B9C0D1E2F3A4 /* DiiaService.swift */,
			);
			path = Services;
			sourceTree = "<group>";
		};
		37AEB26E64686B0D8F007261 /* Support */ = {
			isa = PBXGroup;
			children = (
				2FD8E2AFE8F18C6266FB65F3 /* AnalyticsConsent.swift */,
				289A784D4C10DF2493288540 /* ReferralView.swift */,
				DBEEA8EC8166D9607512E78D /* SupportProfile.swift */,
			);
			path = Support;
			sourceTree = "<group>";
		};
		3A5ADF7F05D3DDEBB4FA4184 /* Location */ = {
			isa = PBXGroup;
			children = (
				ABF81B9891F8F397559AD01C /* NetworkCountryDetector.swift */,
			);
			path = Location;
			sourceTree = "<group>";
		};
		451F6F2CE47C0A06BF252710 /* eHR */ = {
			isa = PBXGroup;
			children = (
				FB0FCD2502D7B4641540F248 /* EmergencyCard.swift */,
				0F991FA63CD9663FF83D6055 /* FHIRMapper.swift */,
				F4E0446F6A4A18B61E2099AC /* HealthRecord.swift */,
				155E0940A4102DEE59FDF511 /* IPS.swift */,
			);
			path = eHR;
			sourceTree = "<group>";
		};
		7C9CDF948617C375CDFC98AA /* Identity */ = {
			isa = PBXGroup;
			children = (
				34EDABFB131AEE01B59471B5 /* BankIDClient.swift */,
				F5600417288BAD034AAC350F /* DIDWallet.swift */,
				622F23DBC018E3F6C9948C28 /* KeyManager.swift */,
				A2B3C4D5E6F7A8B9C0D1E2F3 /* VerifiedIdentity.swift */,
			);
			path = Identity;
			sourceTree = "<group>";
		};
		829F00AEC966B81B80D13A2D /* Telemedicine */ = {
			isa = PBXGroup;
			children = (
				EC86BB66FE5565C9184E8490 /* CallView.swift */,
				C334EF4A6B52B7C1BECEB8F8 /* SIPClient.swift */,
			);
			path = Telemedicine;
			sourceTree = "<group>";
		};
		X6F7A8B9C0D1E2F3A4B5C6D7 /* Models */ = {
			isa = PBXGroup;
			children = (
				V4D5E6F7A8B9C0D1E2F3A4B5 /* DiiaIdentityPayload.swift */,
			);
			path = Models;
			sourceTree = "<group>";
		};
		A18EE47162F2B75A353FAD84 /* Onboarding */ = {
			isa = PBXGroup;
			children = (
				C423092F7D2FF1B6FBCB3408 /* ActivationCoordinator.swift */,
				CA091911DC16BA81A2BDDB90 /* ConsentView.swift */,
				4BEDC111584B241ACA578D40 /* DataAuthorizationView.swift */,
				F725F9D6E215879892D4F091 /* EmergencyCardSetupView.swift */,
				E538FB8FDD8D5D8FB4F3D6F2 /* EmergencyContactView.swift */,
				6B63A65DD37B63F386B3E237 /* HealthcareProxyView.swift */,
				8FEEB178A3E3D6EAA57C8A7B /* IdentityView.swift */,
				1237E8685774F975A3477230 /* OnboardingCoordinator.swift */,
				A0D9AA63CD6C7F439DBCBB29 /* RegistrationView.swift */,
				39CB4396676A9C48242F3099 /* UserAgreementView.swift */,
				F465B171728A2EE0DA91643D /* WelcomeView.swift */,
			);
			path = Onboarding;
			sourceTree = "<group>";
		};
		AAD9CA16C2C7675F77AD5927 /* SHA3Kit */ = {
			isa = PBXGroup;
			children = (
				27E587E7BD8B1CA8FBC2C3B4 /* SHA3.swift */,
			);
			name = SHA3Kit;
			path = Sources/SHA3Kit;
			sourceTree = "<group>";
		};
		B2AB090C09C26E77B935A2FD /* Products */ = {
			isa = PBXGroup;
			children = (
				30E64324D0111DDADE7820A1 /* nobordershealthcare.app */,
			);
			name = Products;
			sourceTree = "<group>";
		};
		BA2071012BEDAE454A06C73D /* App */ = {
			isa = PBXGroup;
			children = (
				DFED60BDDE94483E29635A6B /* Assets.xcassets */,
				FEDC1416C64BDAF416257DAA /* ContentView.swift */,
				1E5DE46C3D34CF36D4FEAA05 /* Info.plist */,
				4F033DF80A6D0D1E163F229A /* nobordershealthcare.entitlements */,
				B28DC75D6C62A8C97875943A /* NoBordersHealthcareApp.swift */,
			);
			path = App;
			sourceTree = "<group>";
		};
		C5DC5B80FAEE69F1741090A7 /* Legal */ = {
			isa = PBXGroup;
			children = (
				865B61AB0B20C6D232EDC7D8 /* ConsentAuditService.swift */,
				6C6AFBE53A03B011AEEA625F /* LegalVaultManager.swift */,
				6D72112E9BDE6DDF792806A3 /* Models.swift */,
				ACDC1623F564ECBC26952904 /* SignatureButton.swift */,
			);
			path = Legal;
			sourceTree = "<group>";
		};
		DA55866E9310F24F77CD28D5 /* nobordershealthcare */ = {
			isa = PBXGroup;
			children = (
				02B2F7E18E8A7E8FFB198EBA /* Backup */,
				371E7BC818D058D49B5C3531 /* Core */,
				EF8BE9525689369301943D17 /* Documents */,
				451F6F2CE47C0A06BF252710 /* eHR */,
				05C3827C5EA2350C9EDAF26D /* EmergencyCard */,
				7C9CDF948617C375CDFC98AA /* Identity */,
				C5DC5B80FAEE69F1741090A7 /* Legal */,
				3A5ADF7F05D3DDEBB4FA4184 /* Location */,
				X6F7A8B9C0D1E2F3A4B5C6D7 /* Models */,
				A18EE47162F2B75A353FAD84 /* Onboarding */,
				F2ADB786FEFB19E27DD88287 /* Profile */,
				F31359D560C031FECE62EA16 /* QR */,
				W5E6F7A8B9C0D1E2F3A4B5C6 /* Services */,
				37AEB26E64686B0D8F007261 /* Support */,
				829F00AEC966B81B80D13A2D /* Telemedicine */,
				0121EE51E13649C0750715AB /* Translation */,
			);
			name = nobordershealthcare;
			path = Sources/nobordershealthcare;
			sourceTree = "<group>";
		};
		DFD501DA14A1DF3ED5F269E3 = {
			isa = PBXGroup;
			children = (
				BA2071012BEDAE454A06C73D /* App */,
				FEA476A25941853892DF8718 /* KyberKit */,
				DA55866E9310F24F77CD28D5 /* nobordershealthcare */,
				AAD9CA16C2C7675F77AD5927 /* SHA3Kit */,
				2598CCB9A4A56A0A823C7606 /* Shims */,
				B2AB090C09C26E77B935A2FD /* Products */,
			);
			sourceTree = "<group>";
		};
		EF8BE9525689369301943D17 /* Documents */ = {
			isa = PBXGroup;
			children = (
				3A3A7266960B2164688FAF72 /* DocumentScanner.swift */,
				F04BF4200C2337B15544CBDC /* DocumentStore.swift */,
				9064723EC2A03C2D38FB0D01 /* DocumentTranslator.swift */,
				C49CA8B193143B17EBD08578 /* DocumentView.swift */,
				BC87B71F0505A1931D9A8413 /* LocalOCR.swift */,
				8EBBA61D16BCCCC4ACCBD1BB /* PDFImporter.swift */,
			);
			path = Documents;
			sourceTree = "<group>";
		};
		F2ADB786FEFB19E27DD88287 /* Profile */ = {
			isa = PBXGroup;
			children = (
				62524B8496BE6AD1B7264711 /* UserProfile.swift */,
				H3C4D5E6F7A8B9C0D1E2F3A4 /* LinkedIdentitiesView.swift */,
			);
			path = Profile;
			sourceTree = "<group>";
		};
		F31359D560C031FECE62EA16 /* QR */ = {
			isa = PBXGroup;
			children = (
				56A573DBC9BE53097E791F51 /* QRGenerator.swift */,
				87B3A142FC41A9153C4D790D /* ScopeManager.swift */,
			);
			path = QR;
			sourceTree = "<group>";
		};
		FEA476A25941853892DF8718 /* KyberKit */ = {
			isa = PBXGroup;
			children = (
				2A6411BE2A63765FA00C6091 /* KyberOperations.swift */,
			);
			name = KyberKit;
			path = Sources/KyberKit;
			sourceTree = "<group>";
		};
/* End PBXGroup section */

/* Begin PBXNativeTarget section */
		707367C639403DCB926318DB /* nobordershealthcare */ = {
			isa = PBXNativeTarget;
			buildConfigurationList = 6694E781F8E3B05FE0576AA0 /* Build configuration list for PBXNativeTarget "nobordershealthcare" */;
			buildPhases = (
				9C8D3AEE84EE049F8A2C433E /* Sources */,
				A3D72C034FEDB2251FA01AED /* Resources */,
			);
			buildRules = (
			);
			dependencies = (
			);
			name = nobordershealthcare;
			packageProductDependencies = (
			);
			productName = nobordershealthcare;
			productReference = 30E64324D0111DDADE7820A1 /* nobordershealthcare.app */;
			productType = "com.apple.product-type.application";
		};
/* End PBXNativeTarget section */

/* Begin PBXProject section */
		F26610A563F025680C8B2A66 /* Project object */ = {
			isa = PBXProject;
			attributes = {
				BuildIndependentTargetsInParallel = YES;
				LastUpgradeCheck = 1600;
				TargetAttributes = {
					707367C639403DCB926318DB = {
						DevelopmentTeam = "";
						ProvisioningStyle = Automatic;
					};
				};
			};
			buildConfigurationList = A5588DEBE6167482CD828F9D /* Build configuration list for PBXProject "nobordershealthcare" */;
			developmentRegion = en;
			hasScannedForEncodings = 0;
			knownRegions = (
				Base,
				en,
			);
			mainGroup = DFD501DA14A1DF3ED5F269E3;
			minimizedProjectReferenceProxies = 1;
			preferredProjectObjectVersion = 77;
			productRefGroup = B2AB090C09C26E77B935A2FD /* Products */;
			projectDirPath = "";
			projectRoot = "";
			targets = (
				707367C639403DCB926318DB /* nobordershealthcare */,
			);
		};
/* End PBXProject section */

/* Begin PBXResourcesBuildPhase section */
		A3D72C034FEDB2251FA01AED /* Resources */ = {
			isa = PBXResourcesBuildPhase;
			buildActionMask = 2147483647;
			files = (
				A5A1492E8D4FE212ABCB1854 /* Assets.xcassets in Resources */,
			);
			runOnlyForDeploymentPostprocessing = 0;
		};
/* End PBXResourcesBuildPhase section */

/* Begin PBXSourcesBuildPhase section */
		9C8D3AEE84EE049F8A2C433E /* Sources */ = {
			isa = PBXSourcesBuildPhase;
			buildActionMask = 2147483647;
			files = (
				686D687794AACE33BB0C89E3 /* ActivationCoordinator.swift in Sources */,
				B20CC79630E1146DC16CB32F /* AnalyticsConsent.swift in Sources */,
				8B6FD6C8B3BA661D1129FB19 /* AppConfig.swift in Sources */,
				AC3E95063D04489544EF0950 /* AttestationService.swift in Sources */,
				1FFCDF1F5DA6AB0AABB75243 /* BankIDClient.swift in Sources */,
				B689C155F5A8767AFEC9AF7C /* BiometricAuth.swift in Sources */,
				AACDB6AB27E46D2BB119FA7A /* BiometricLockView.swift in Sources */,
				F1A2B3C4D5E6F7A8B9C0D1E2 /* VerifiedIdentity.swift in Sources */,
				G2B3C4D5E6F7A8B9C0D1E2F4 /* LinkedIdentitiesView.swift in Sources */,
				4C75DEE1002D08A25449F758 /* CallView.swift in Sources */,
				F32D7CBE4E572ED7AF843FC9 /* ConsentAuditService.swift in Sources */,
				FA76155EF64068229D00CA46 /* ConsentView.swift in Sources */,
				7ABF0FD4A459598E1EFDA613 /* ContentView.swift in Sources */,
				0198EA9C6836FDC3F65F6767 /* DIDWallet.swift in Sources */,
				T2B3C4D5E6F7A8B9C0D1E2F3 /* DiiaIdentityPayload.swift in Sources */,
				S1A2B3C4D5E6F7A8B9C0D1E2 /* DiiaService.swift in Sources */,
				BDF280B0D0853287D93CDEDB /* DataAuthorizationView.swift in Sources */,
				4626547144388318B2B1BFF4 /* DocumentScanner.swift in Sources */,
				0855F5C4F059D04DBB090ACF /* DocumentStore.swift in Sources */,
				C7B37D70CE398B88FA08F0A0 /* DocumentTranslator.swift in Sources */,
				EBF891294C8E72C49B650B0D /* DocumentView.swift in Sources */,
				5C9BFB17DC856C06EF3B3C24 /* EmergencyCard.swift in Sources */,
				57B85DE5DCD54B13D52FA2A7 /* EmergencyCardService.swift in Sources */,
				E94E30F03EBACE766A13938B /* EmergencyCardSetupView.swift in Sources */,
				7CF842F91CAFB2E121E7DA2B /* EmergencyContactView.swift in Sources */,
				8D51A94B1494C4035FCAB993 /* FHIRMapper.swift in Sources */,
				C30AAA516AEFF4ECF2373ED6 /* HealthRecord.swift in Sources */,
				0E8F89A320814FF876737EA5 /* HealthcareProxyView.swift in Sources */,
				A7AAB394F54896C7DF219E8F /* IPFSClient.swift in Sources */,
				E1E651ABBD800234624285A8 /* IPS.swift in Sources */,
				3F07C943F14296AB63C8D56D /* IdentityView.swift in Sources */,
				4D05CFADA3E8340BEFD35B7D /* KeyManager.swift in Sources */,
				5ED81C638074896A10085FF6 /* KyberOperations.swift in Sources */,
				64DE2C7E17763878BAFADAF7 /* LegalVaultManager.swift in Sources */,
				068BF8009EB37F7CA78A7BDF /* LocalOCR.swift in Sources */,
				1629F9F5071A91E802799FF6 /* Models.swift in Sources */,
				352A43D020ECB5514AE1CC06 /* NetworkCountryDetector.swift in Sources */,
				1101F6D336BDB79477B20AE6 /* NoBordersHealthcareApp.swift in Sources */,
				496E93D9B6227F2A61995855 /* OnboardingCoordinator.swift in Sources */,
				B390123F7EE92BDCC4CC8207 /* PDFImporter.swift in Sources */,
				80599D679EF2FA7C741206BA /* QRGenerator.swift in Sources */,
				D8BAB2007F0BA10830151A96 /* QRGeneratorView.swift in Sources */,
				59FFA3135CFEA135659EB4CE /* ReferralView.swift in Sources */,
				A3E18FEB484637A66DBFBFCC /* RegistrationView.swift in Sources */,
				A1A6525BF19CD02CB185B64B /* SHA3.swift in Sources */,
				EBA7E953E5DE5ED4FDCD735B /* SIPClient.swift in Sources */,
				5C0D92D6AAE1EAA701F82DEA /* ScopeManager.swift in Sources */,
				A1A273BEC65112CD3F80C289 /* SecureEnclaveKey.swift in Sources */,
				C689E012885AE8C7337D6026 /* SecurityProfile.swift in Sources */,
				A27716086B07DCD6634C1EA7 /* SentencePieceShim.swift in Sources */,
				457BF13DF25ED5021E42AFB8 /* ShamirShard.swift in Sources */,
				AAA646494ADD4B7944427742 /* SignatureButton.swift in Sources */,
				9BD2225F1C282A68C940859E /* SupportProfile.swift in Sources */,
				BD2B681B3637A1CAF31638FF /* TerminologyMapper.swift in Sources */,
				D572561818CF08235DB531EB /* UserAgreementView.swift in Sources */,
				D39616AD2E1E0DEE89282431 /* UserProfile.swift in Sources */,
				11450AFA62CF73FA482F3998 /* VaultManager.swift in Sources */,
				7C4158CCE50DEBDF16467D2C /* WelcomeView.swift in Sources */,
				EA9257C5986D3EB4CA43A7E1 /* xLMEngine.swift in Sources */,
			);
			runOnlyForDeploymentPostprocessing = 0;
		};
/* End PBXSourcesBuildPhase section */

/* Begin XCBuildConfiguration section */
		7C9B804CC13C364A6CACDE3F /* Release */ = {
			isa = XCBuildConfiguration;
			buildSettings = {
				ASSETCATALOG_COMPILER_APPICON_NAME = AppIcon;
				CODE_SIGNING_ALLOWED = NO;
				CODE_SIGN_IDENTITY = "iPhone Developer";
				INFOPLIST_FILE = App/Info.plist;
				IPHONEOS_DEPLOYMENT_TARGET = 26.0;
				LD_RUNPATH_SEARCH_PATHS = (
					"$(inherited)",
					"@executable_path/Frameworks",
				);
				PRODUCT_BUNDLE_IDENTIFIER = com.valeriy.nobordershealthcare;
				SDKROOT = iphoneos;
				SWIFT_STRICT_CONCURRENCY = minimal;
				SWIFT_VERSION = 6.2;
				TARGETED_DEVICE_FAMILY = "1,2";
			};
			name = Release;
		};
		AE5D0740A1CE556F278752B9 /* Debug */ = {
			isa = XCBuildConfiguration;
			buildSettings = {
				ASSETCATALOG_COMPILER_APPICON_NAME = AppIcon;
				CODE_SIGNING_ALLOWED = NO;
				CODE_SIGN_IDENTITY = "iPhone Developer";
				INFOPLIST_FILE = App/Info.plist;
				IPHONEOS_DEPLOYMENT_TARGET = 26.0;
				LD_RUNPATH_SEARCH_PATHS = (
					"$(inherited)",
					"@executable_path/Frameworks",
				);
				PRODUCT_BUNDLE_IDENTIFIER = com.valeriy.nobordershealthcare;
				SDKROOT = iphoneos;
				SWIFT_STRICT_CONCURRENCY = minimal;
				SWIFT_VERSION = 6.2;
				TARGETED_DEVICE_FAMILY = "1,2";
			};
			name = Debug;
		};
		E3B33CCD09771F72E3BA4D2A /* Release */ = {
			isa = XCBuildConfiguration;
			buildSettings = {
				ALWAYS_SEARCH_USER_PATHS = NO;
				API_BASE_URL = "https://api.noborders.healthcare";
				APP_BASE_URL = "https://app.noborders.health";
				CLANG_ANALYZER_NONNULL = YES;
				CLANG_ANALYZER_NUMBER_OBJECT_CONVERSION = YES_AGGRESSIVE;
				CLANG_CXX_LANGUAGE_STANDARD = "gnu++14";
				CLANG_CXX_LIBRARY = "libc++";
				CLANG_ENABLE_MODULES = YES;
				CLANG_ENABLE_OBJC_ARC = YES;
				CLANG_ENABLE_OBJC_WEAK = YES;
				CLANG_WARN_BLOCK_CAPTURE_AUTORELEASING = YES;
				CLANG_WARN_BOOL_CONVERSION = YES;
				CLANG_WARN_COMMA = YES;
				CLANG_WARN_CONSTANT_CONVERSION = YES;
				CLANG_WARN_DEPRECATED_OBJC_IMPLEMENTATIONS = YES;
				CLANG_WARN_DIRECT_OBJC_ISA_USAGE = YES_ERROR;
				CLANG_WARN_DOCUMENTATION_COMMENTS = YES;
				CLANG_WARN_EMPTY_BODY = YES;
				CLANG_WARN_ENUM_CONVERSION = YES;
				CLANG_WARN_INFINITE_RECURSION = YES;
				CLANG_WARN_INT_CONVERSION = YES;
				CLANG_WARN_NON_LITERAL_NULL_CONVERSION = YES;
				CLANG_WARN_OBJC_IMPLICIT_RETAIN_SELF = YES;
				CLANG_WARN_OBJC_LITERAL_CONVERSION = YES;
				CLANG_WARN_OBJC_ROOT_CLASS = YES_ERROR;
				CLANG_WARN_QUOTED_INCLUDE_IN_FRAMEWORK_HEADER = YES;
				CLANG_WARN_RANGE_LOOP_ANALYSIS = YES;
				CLANG_WARN_STRICT_PROTOTYPES = YES;
				CLANG_WARN_SUSPICIOUS_MOVE = YES;
				CLANG_WARN_UNGUARDED_AVAILABILITY = YES_AGGRESSIVE;
				CLANG_WARN_UNREACHABLE_CODE = YES;
				CLANG_WARN__DUPLICATE_METHOD_MATCH = YES;
				CODE_SIGN_STYLE = Automatic;
				COPY_PHASE_STRIP = NO;
				CURRENT_PROJECT_VERSION = 1;
				DEBUG_INFORMATION_FORMAT = "dwarf-with-dsym";
				DEVELOPMENT_TEAM = "";
				ENABLE_NS_ASSERTIONS = NO;
				ENABLE_STRICT_OBJC_MSGSEND = YES;
				GCC_C_LANGUAGE_STANDARD = gnu11;
				GCC_NO_COMMON_BLOCKS = YES;
				GCC_WARN_64_TO_32_BIT_CONVERSION = YES;
				GCC_WARN_ABOUT_RETURN_TYPE = YES_ERROR;
				GCC_WARN_UNDECLARED_SELECTOR = YES;
				GCC_WARN_UNINITIALIZED_AUTOS = YES_AGGRESSIVE;
				GCC_WARN_UNUSED_FUNCTION = YES;
				GCC_WARN_UNUSED_VARIABLE = YES;
				IPHONEOS_DEPLOYMENT_TARGET = 26.0;
				MARKETING_VERSION = 0.1.0;
				MTL_ENABLE_DEBUG_INFO = NO;
				MTL_FAST_MATH = YES;
				PHYSICIAN_VIEW_URL = "https://scan.noborders.healthcare";
				PRODUCT_NAME = "$(TARGET_NAME)";
				SDKROOT = iphoneos;
				SWIFT_COMPILATION_MODE = wholemodule;
				SWIFT_OPTIMIZATION_LEVEL = "-O";
				SWIFT_VERSION = 6.2;
			};
			name = Release;
		};
		F03DF7FC0FF838EE38A92BD1 /* Debug */ = {
			isa = XCBuildConfiguration;
			buildSettings = {
				ALWAYS_SEARCH_USER_PATHS = NO;
				API_BASE_URL = "http://localhost:8080";
				APP_BASE_URL = "http://localhost:3000";
				CLANG_ANALYZER_NONNULL = YES;
				CLANG_ANALYZER_NUMBER_OBJECT_CONVERSION = YES_AGGRESSIVE;
				CLANG_CXX_LANGUAGE_STANDARD = "gnu++14";
				CLANG_CXX_LIBRARY = "libc++";
				CLANG_ENABLE_MODULES = YES;
				CLANG_ENABLE_OBJC_ARC = YES;
				CLANG_ENABLE_OBJC_WEAK = YES;
				CLANG_WARN_BLOCK_CAPTURE_AUTORELEASING = YES;
				CLANG_WARN_BOOL_CONVERSION = YES;
				CLANG_WARN_COMMA = YES;
				CLANG_WARN_CONSTANT_CONVERSION = YES;
				CLANG_WARN_DEPRECATED_OBJC_IMPLEMENTATIONS = YES;
				CLANG_WARN_DIRECT_OBJC_ISA_USAGE = YES_ERROR;
				CLANG_WARN_DOCUMENTATION_COMMENTS = YES;
				CLANG_WARN_EMPTY_BODY = YES;
				CLANG_WARN_ENUM_CONVERSION = YES;
				CLANG_WARN_INFINITE_RECURSION = YES;
				CLANG_WARN_INT_CONVERSION = YES;
				CLANG_WARN_NON_LITERAL_NULL_CONVERSION = YES;
				CLANG_WARN_OBJC_IMPLICIT_RETAIN_SELF = YES;
				CLANG_WARN_OBJC_LITERAL_CONVERSION = YES;
				CLANG_WARN_OBJC_ROOT_CLASS = YES_ERROR;
				CLANG_WARN_QUOTED_INCLUDE_IN_FRAMEWORK_HEADER = YES;
				CLANG_WARN_RANGE_LOOP_ANALYSIS = YES;
				CLANG_WARN_STRICT_PROTOTYPES = YES;
				CLANG_WARN_SUSPICIOUS_MOVE = YES;
				CLANG_WARN_UNGUARDED_AVAILABILITY = YES_AGGRESSIVE;
				CLANG_WARN_UNREACHABLE_CODE = YES;
				CLANG_WARN__DUPLICATE_METHOD_MATCH = YES;
				CODE_SIGN_STYLE = Automatic;
				COPY_PHASE_STRIP = NO;
				CURRENT_PROJECT_VERSION = 1;
				DEBUG_INFORMATION_FORMAT = dwarf;
				DEVELOPMENT_TEAM = "";
				ENABLE_STRICT_OBJC_MSGSEND = YES;
				ENABLE_TESTABILITY = YES;
				GCC_C_LANGUAGE_STANDARD = gnu11;
				GCC_DYNAMIC_NO_PIC = NO;
				GCC_NO_COMMON_BLOCKS = YES;
				GCC_OPTIMIZATION_LEVEL = 0;
				GCC_PREPROCESSOR_DEFINITIONS = (
					"$(inherited)",
					"DEBUG=1",
				);
				GCC_WARN_64_TO_32_BIT_CONVERSION = YES;
				GCC_WARN_ABOUT_RETURN_TYPE = YES_ERROR;
				GCC_WARN_UNDECLARED_SELECTOR = YES;
				GCC_WARN_UNINITIALIZED_AUTOS = YES_AGGRESSIVE;
				GCC_WARN_UNUSED_FUNCTION = YES;
				GCC_WARN_UNUSED_VARIABLE = YES;
				IPHONEOS_DEPLOYMENT_TARGET = 26.0;
				MARKETING_VERSION = 0.1.0;
				MTL_ENABLE_DEBUG_INFO = INCLUDE_SOURCE;
				MTL_FAST_MATH = YES;
				ONLY_ACTIVE_ARCH = YES;
				PHYSICIAN_VIEW_URL = "http://localhost:8083";
				PRODUCT_NAME = "$(TARGET_NAME)";
				SDKROOT = iphoneos;
				SWIFT_ACTIVE_COMPILATION_CONDITIONS = DEBUG;
				SWIFT_OPTIMIZATION_LEVEL = "-Onone";
				SWIFT_VERSION = 6.2;
			};
			name = Debug;
		};
/* End XCBuildConfiguration section */

/* Begin XCConfigurationList section */
		6694E781F8E3B05FE0576AA0 /* Build configuration list for PBXNativeTarget "nobordershealthcare" */ = {
			isa = XCConfigurationList;
			buildConfigurations = (
				AE5D0740A1CE556F278752B9 /* Debug */,
				7C9B804CC13C364A6CACDE3F /* Release */,
			);
			defaultConfigurationIsVisible = 0;
			defaultConfigurationName = Debug;
		};
		A5588DEBE6167482CD828F9D /* Build configuration list for PBXProject "nobordershealthcare" */ = {
			isa = XCConfigurationList;
			buildConfigurations = (
				F03DF7FC0FF838EE38A92BD1 /* Debug */,
				E3B33CCD09771F72E3BA4D2A /* Release */,
			);
			defaultConfigurationIsVisible = 0;
			defaultConfigurationName = Debug;
		};
/* End XCConfigurationList section */
	};
	rootObject = F26610A563F025680C8B2A66 /* Project object */;
}
